{
  "name": "daotest",
  "version": "1.0.0",
  "lockfileVersion": 3,
  "requires": true,
  "packages": {
    "": {
      "name": "daotest",
      "version": "1.0.0",
      "license": "MIT",
      "engines": {
        "node": "^14.21.3 || >=16"
      },
      "funding": {
        "url": "https://paulmillr.com/funding/"
      }
    },
      },
      "engines": {
        "node": "^14.21.3 || >=16"
      },
      "funding": {
        "url": "https://paulmillr.com/funding/"
      }
    },
      "engines": {
        "node": "^14.21.3 || >=16"
      },
      "funding": {
        "url": "https://paulmillr.com/funding/"
      }
    },
      "funding": [
        {
          "type": "github",
          "url": "https://github.com/sponsors/feross"
        },
        {
          "type": "patreon",
          "url": "https://www.patreon.com/feross"
        },
        {
          "type": "consulting",
          "url": "https://feross.org/support"
        }
      ],
      "license": "MIT",
      "license": "MIT",
      "engines": {
        "node": ">=0.10.0"
      }
    },
      "engines": {
        "node": ">=0.10.0"
      }
    },
      },
      "funding": {
        "url": "https://github.com/sponsors/ljharb"
      }
    },
      "engines": {
        "node": ">=8"
      }
    },
          "optional": true
        }
      }
    },
          "optional": true
        }
      }
    },
      },
      "funding": {
        "url": "https://github.com/sponsors/sindresorhus"
      }
    },
          "optional": true
        }
      }
    },
      },
      "funding": {
        "url": "https://github.com/sponsors/ljharb"
      }
    },
          "optional": true
        }
      }
    },
        }
      ],
      "license": "MIT",
      "dependencies": {

        }
      ],
      "license": "MIT",
      "dependencies": {

          "optional": true
        }
      }
    }
  }
}
